// !$*UTF8*$!
{
	archiveVersion = 1;
	classes = {
	};
	objectVersion = 50;
	objects = {

/* Begin PBXBuildFile section */
		36F488302459D19F000F5897 /* YDgetupViewController.m in Sources */ = {isa = PBXBuildFile; fileRef = 36F4882E2459D19F000F5897 /* YDgetupViewController.m */; };
		36F488312459D19F000F5897 /* YDgetupViewController.xib in Resources */ = {isa = PBXBuildFile; fileRef = 36F4882F2459D19F000F5897 /* YDgetupViewController.xib */; };
		47A394DDFB24B7E6D8D92369 /* libPods-小可爱❤️.a in Frameworks */ = {isa = PBXBuildFile; fileRef = FA0E2E3AA824755A94AC0133 /* libPods-小可爱❤️.a */; };
		50C40029A90A0F23AE1B3673 /* libPods-小可爱❤️UITests.a in Frameworks */ = {isa = PBXBuildFile; fileRef = FE98268D4709200238CF52CF /* libPods-小可爱❤️UITests.a */; };
		68EFC15D0537020AC4BD18B2 /* libPods-小可爱❤️Tests.a in Frameworks */ = {isa = PBXBuildFile; fileRef = 668DB3258C5948A12C3D1760 /* libPods-小可爱❤️Tests.a */; };
		9B49F884245FBB110043A234 /* UIView+Events.m in Sources */ = {isa = PBXBuildFile; fileRef = 9B49F883245FBB110043A234 /* UIView+Events.m */; };
		9B49F887245FBEC40043A234 /* webViewSlidView.m in Sources */ = {isa = PBXBuildFile; fileRef = 9B49F886245FBEC40043A234 /* webViewSlidView.m */; };
		9B49F889245FBED40043A234 /* webViewSlidView.xib in Resources */ = {isa = PBXBuildFile; fileRef = 9B49F888245FBED40043A234 /* webViewSlidView.xib */; };
		9B49F88F245FF4800043A234 /* YDWebViewViewController.m in Sources */ = {isa = PBXBuildFile; fileRef = 9B49F88E245FF4800043A234 /* YDWebViewViewController.m */; };
		9B70A5432456C74A00C7A1CC /* AppDelegate.m in Sources */ = {isa = PBXBuildFile; fileRef = 9B70A5422456C74A00C7A1CC /* AppDelegate.m */; };
		9B70A5462456C74A00C7A1CC /* SceneDelegate.m in Sources */ = {isa = PBXBuildFile; fileRef = 9B70A5452456C74A00C7A1CC /* SceneDelegate.m */; };
		9B70A5492456C74A00C7A1CC /* ViewController.m in Sources */ = {isa = PBXBuildFile; fileRef = 9B70A5482456C74A00C7A1CC /* ViewController.m */; };
		9B70A54C2456C74A00C7A1CC /* Main.storyboard in Resources */ = {isa = PBXBuildFile; fileRef = 9B70A54A2456C74A00C7A1CC /* Main.storyboard */; };
		9B70A54E2456C74C00C7A1CC /* Assets.xcassets in Resources */ = {isa = PBXBuildFile; fileRef = 9B70A54D2456C74C00C7A1CC /* Assets.xcassets */; };
		9B70A5512456C74C00C7A1CC /* LaunchScreen.storyboard in Resources */ = {isa = PBXBuildFile; fileRef = 9B70A54F2456C74C00C7A1CC /* LaunchScreen.storyboard */; };
		9B70A5542456C74C00C7A1CC /* main.m in Sources */ = {isa = PBXBuildFile; fileRef = 9B70A5532456C74C00C7A1CC /* main.m */; };
		9B70A55E2456C74C00C7A1CC /* ____Tests.m in Sources */ = {isa = PBXBuildFile; fileRef = 9B70A55D2456C74C00C7A1CC /* ____Tests.m */; };
		9B70A5692456C74C00C7A1CC /* ____UITests.m in Sources */ = {isa = PBXBuildFile; fileRef = 9B70A5682456C74C00C7A1CC /* ____UITests.m */; };
		9B70A5782456C92400C7A1CC /* YDTabBarViewController.m in Sources */ = {isa = PBXBuildFile; fileRef = 9B70A5772456C92400C7A1CC /* YDTabBarViewController.m */; };
		9B70A57F2456CAD300C7A1CC /* 樱花瓣2.png in Resources */ = {isa = PBXBuildFile; fileRef = 9B70A57A2456CAD300C7A1CC /* 樱花瓣2.png */; };
		9B70A5802456CAD300C7A1CC /* 樱花瓣1.png in Resources */ = {isa = PBXBuildFile; fileRef = 9B70A57B2456CAD300C7A1CC /* 樱花瓣1.png */; };
		9B70A5812456CAD300C7A1CC /* 樱花树1.png in Resources */ = {isa = PBXBuildFile; fileRef = 9B70A57C2456CAD300C7A1CC /* 樱花树1.png */; };
		9B70A5822456CAD300C7A1CC /* 樱花树3.png in Resources */ = {isa = PBXBuildFile; fileRef = 9B70A57D2456CAD300C7A1CC /* 樱花树3.png */; };
		9B70A5832456CAD300C7A1CC /* 樱花树2.png in Resources */ = {isa = PBXBuildFile; fileRef = 9B70A57E2456CAD300C7A1CC /* 樱花树2.png */; };
		9B70A5862456CB0600C7A1CC /* YDMainViewController.m in Sources */ = {isa = PBXBuildFile; fileRef = 9B70A5852456CB0600C7A1CC /* YDMainViewController.m */; };
		9B70A58A2456CB4600C7A1CC /* ContentView.m in Sources */ = {isa = PBXBuildFile; fileRef = 9B70A5872456CB4500C7A1CC /* ContentView.m */; };
		9B70A58B2456CB4600C7A1CC /* ContentView.xib in Resources */ = {isa = PBXBuildFile; fileRef = 9B70A5882456CB4500C7A1CC /* ContentView.xib */; };
		9B70A5922456CF1C00C7A1CC /* BaseViewController.m in Sources */ = {isa = PBXBuildFile; fileRef = 9B70A5902456CF1B00C7A1CC /* BaseViewController.m */; };
		9B70A5962456D8BC00C7A1CC /* YDPersonalViewController.m in Sources */ = {isa = PBXBuildFile; fileRef = 9B70A5942456D8BC00C7A1CC /* YDPersonalViewController.m */; };
		9B70A5972456D8BC00C7A1CC /* YDPersonalViewController.xib in Resources */ = {isa = PBXBuildFile; fileRef = 9B70A5952456D8BC00C7A1CC /* YDPersonalViewController.xib */; };
		9BE73825248790D30083F49B /* 夏天的风.mp3 in Resources */ = {isa = PBXBuildFile; fileRef = 9BE73824248790D30083F49B /* 夏天的风.mp3 */; };
/* End PBXBuildFile section */

/* Begin PBXContainerItemProxy section */
		9B70A55A2456C74C00C7A1CC /* PBXContainerItemProxy */ = {
			isa = PBXContainerItemProxy;
			containerPortal = 9B70A5362456C74A00C7A1CC /* Project object */;
			proxyType = 1;
			remoteGlobalIDString = 9B70A53D2456C74A00C7A1CC;
			remoteInfo = "小可爱❤️";
		};
		9B70A5652456C74C00C7A1CC /* PBXContainerItemProxy */ = {
			isa = PBXContainerItemProxy;
			containerPortal = 9B70A5362456C74A00C7A1CC /* Project object */;
			proxyType = 1;
			remoteGlobalIDString = 9B70A53D2456C74A00C7A1CC;
			remoteInfo = "小可爱❤️";
		};
/* End PBXContainerItemProxy section */

/* Begin PBXFileReference section */
		031B8460A91D2B0E50D2510F /* Pods-小可爱❤️Tests.debug.xcconfig */ = {isa = PBXFileReference; includeInIndex = 1; lastKnownFileType = text.xcconfig; name = "Pods-小可爱❤️Tests.debug.xcconfig"; path = "Pods/Target Support Files/Pods-小可爱❤️Tests/Pods-小可爱❤️Tests.debug.xcconfig"; sourceTree = "<group>"; };
		297672CB6F1C3A23BC431621 /* Pods-小可爱❤️Tests.release.xcconfig */ = {isa = PBXFileReference; includeInIndex = 1; lastKnownFileType = text.xcconfig; name = "Pods-小可爱❤️Tests.release.xcconfig"; path = "Pods/Target Support Files/Pods-小可爱❤️Tests/Pods-小可爱❤️Tests.release.xcconfig"; sourceTree = "<group>"; };
		36F4882D2459D19F000F5897 /* YDgetupViewController.h */ = {isa = PBXFileReference; lastKnownFileType = sourcecode.c.h; path = YDgetupViewController.h; sourceTree = "<group>"; };
		36F4882E2459D19F000F5897 /* YDgetupViewController.m */ = {isa = PBXFileReference; lastKnownFileType = sourcecode.c.objc; path = YDgetupViewController.m; sourceTree = "<group>"; };
		36F4882F2459D19F000F5897 /* YDgetupViewController.xib */ = {isa = PBXFileReference; lastKnownFileType = file.xib; path = YDgetupViewController.xib; sourceTree = "<group>"; };
		40AF808245F94161C80AEADC /* Pods-小可爱❤️UITests.debug.xcconfig */ = {isa = PBXFileReference; includeInIndex = 1; lastKnownFileType = text.xcconfig; name = "Pods-小可爱❤️UITests.debug.xcconfig"; path = "Pods/Target Support Files/Pods-小可爱❤️UITests/Pods-小可爱❤️UITests.debug.xcconfig"; sourceTree = "<group>"; };
		668DB3258C5948A12C3D1760 /* libPods-小可爱❤️Tests.a */ = {isa = PBXFileReference; explicitFileType = archive.ar; includeInIndex = 0; path = "libPods-小可爱❤️Tests.a"; sourceTree = BUILT_PRODUCTS_DIR; };
		9B49F882245FBB110043A234 /* UIView+Events.h */ = {isa = PBXFileReference; lastKnownFileType = sourcecode.c.h; path = "UIView+Events.h"; sourceTree = "<group>"; };
		9B49F883245FBB110043A234 /* UIView+Events.m */ = {isa = PBXFileReference; lastKnownFileType = sourcecode.c.objc; path = "UIView+Events.m"; sourceTree = "<group>"; };
		9B49F885245FBEC40043A234 /* webViewSlidView.h */ = {isa = PBXFileReference; lastKnownFileType = sourcecode.c.h; path = webViewSlidView.h; sourceTree = "<group>"; };
		9B49F886245FBEC40043A234 /* webViewSlidView.m */ = {isa = PBXFileReference; lastKnownFileType = sourcecode.c.objc; path = webViewSlidView.m; sourceTree = "<group>"; };
		9B49F888245FBED40043A234 /* webViewSlidView.xib */ = {isa = PBXFileReference; lastKnownFileType = file.xib; path = webViewSlidView.xib; sourceTree = "<group>"; };
		9B49F88D245FF4800043A234 /* YDWebViewViewController.h */ = {isa = PBXFileReference; lastKnownFileType = sourcecode.c.h; path = YDWebViewViewController.h; sourceTree = "<group>"; };
		9B49F88E245FF4800043A234 /* YDWebViewViewController.m */ = {isa = PBXFileReference; lastKnownFileType = sourcecode.c.objc; path = YDWebViewViewController.m; sourceTree = "<group>"; };
		9B70A53E2456C74A00C7A1CC /* 冲冲冲.app */ = {isa = PBXFileReference; explicitFileType = wrapper.application; includeInIndex = 0; path = "冲冲冲.app"; sourceTree = BUILT_PRODUCTS_DIR; };
		9B70A5412456C74A00C7A1CC /* AppDelegate.h */ = {isa = PBXFileReference; lastKnownFileType = sourcecode.c.h; path = AppDelegate.h; sourceTree = "<group>"; };
		9B70A5422456C74A00C7A1CC /* AppDelegate.m */ = {isa = PBXFileReference; lastKnownFileType = sourcecode.c.objc; path = AppDelegate.m; sourceTree = "<group>"; };
		9B70A5442456C74A00C7A1CC /* SceneDelegate.h */ = {isa = PBXFileReference; lastKnownFileType = sourcecode.c.h; path = SceneDelegate.h; sourceTree = "<group>"; };
		9B70A5452456C74A00C7A1CC /* SceneDelegate.m */ = {isa = PBXFileReference; lastKnownFileType = sourcecode.c.objc; path = SceneDelegate.m; sourceTree = "<group>"; };
		9B70A5472456C74A00C7A1CC /* ViewController.h */ = {isa = PBXFileReference; lastKnownFileType = sourcecode.c.h; path = ViewController.h; sourceTree = "<group>"; };
		9B70A5482456C74A00C7A1CC /* ViewController.m */ = {isa = PBXFileReference; lastKnownFileType = sourcecode.c.objc; path = ViewController.m; sourceTree = "<group>"; };
		9B70A54B2456C74A00C7A1CC /* Base */ = {isa = PBXFileReference; lastKnownFileType = file.storyboard; name = Base; path = Base.lproj/Main.storyboard; sourceTree = "<group>"; };
		9B70A54D2456C74C00C7A1CC /* Assets.xcassets */ = {isa = PBXFileReference; lastKnownFileType = folder.assetcatalog; path = Assets.xcassets; sourceTree = "<group>"; };
		9B70A5502456C74C00C7A1CC /* Base */ = {isa = PBXFileReference; lastKnownFileType = file.storyboard; name = Base; path = Base.lproj/LaunchScreen.storyboard; sourceTree = "<group>"; };
		9B70A5522456C74C00C7A1CC /* Info.plist */ = {isa = PBXFileReference; lastKnownFileType = text.plist.xml; path = Info.plist; sourceTree = "<group>"; };
		9B70A5532456C74C00C7A1CC /* main.m */ = {isa = PBXFileReference; lastKnownFileType = sourcecode.c.objc; path = main.m; sourceTree = "<group>"; };
		9B70A5592456C74C00C7A1CC /* 小可爱❤️Tests.xctest */ = {isa = PBXFileReference; explicitFileType = wrapper.cfbundle; includeInIndex = 0; path = "小可爱❤️Tests.xctest"; sourceTree = BUILT_PRODUCTS_DIR; };
		9B70A55D2456C74C00C7A1CC /* ____Tests.m */ = {isa = PBXFileReference; lastKnownFileType = sourcecode.c.objc; path = "____Tests.m"; sourceTree = "<group>"; };
		9B70A55F2456C74C00C7A1CC /* Info.plist */ = {isa = PBXFileReference; lastKnownFileType = text.plist.xml; path = Info.plist; sourceTree = "<group>"; };
		9B70A5642456C74C00C7A1CC /* 小可爱❤️UITests.xctest */ = {isa = PBXFileReference; explicitFileType = wrapper.cfbundle; includeInIndex = 0; path = "小可爱❤️UITests.xctest"; sourceTree = BUILT_PRODUCTS_DIR; };
		9B70A5682456C74C00C7A1CC /* ____UITests.m */ = {isa = PBXFileReference; lastKnownFileType = sourcecode.c.objc; path = "____UITests.m"; sourceTree = "<group>"; };
		9B70A56A2456C74C00C7A1CC /* Info.plist */ = {isa = PBXFileReference; lastKnownFileType = text.plist.xml; path = Info.plist; sourceTree = "<group>"; };
		9B70A5762456C92400C7A1CC /* YDTabBarViewController.h */ = {isa = PBXFileReference; lastKnownFileType = sourcecode.c.h; path = YDTabBarViewController.h; sourceTree = "<group>"; };
		9B70A5772456C92400C7A1CC /* YDTabBarViewController.m */ = {isa = PBXFileReference; lastKnownFileType = sourcecode.c.objc; path = YDTabBarViewController.m; sourceTree = "<group>"; };
		9B70A57A2456CAD300C7A1CC /* 樱花瓣2.png */ = {isa = PBXFileReference; lastKnownFileType = image.png; path = "樱花瓣2.png"; sourceTree = "<group>"; };
		9B70A57B2456CAD300C7A1CC /* 樱花瓣1.png */ = {isa = PBXFileReference; lastKnownFileType = image.png; path = "樱花瓣1.png"; sourceTree = "<group>"; };
		9B70A57C2456CAD300C7A1CC /* 樱花树1.png */ = {isa = PBXFileReference; lastKnownFileType = image.png; path = "樱花树1.png"; sourceTree = "<group>"; };
		9B70A57D2456CAD300C7A1CC /* 樱花树3.png */ = {isa = PBXFileReference; lastKnownFileType = image.png; path = "樱花树3.png"; sourceTree = "<group>"; };
		9B70A57E2456CAD300C7A1CC /* 樱花树2.png */ = {isa = PBXFileReference; lastKnownFileType = image.png; path = "樱花树2.png"; sourceTree = "<group>"; };
		9B70A5842456CB0600C7A1CC /* YDMainViewController.h */ = {isa = PBXFileReference; lastKnownFileType = sourcecode.c.h; path = YDMainViewController.h; sourceTree = "<group>"; };
		9B70A5852456CB0600C7A1CC /* YDMainViewController.m */ = {isa = PBXFileReference; lastKnownFileType = sourcecode.c.objc; path = YDMainViewController.m; sourceTree = "<group>"; };
		9B70A5872456CB4500C7A1CC /* ContentView.m */ = {isa = PBXFileReference; fileEncoding = 4; lastKnownFileType = sourcecode.c.objc; path = ContentView.m; sourceTree = "<group>"; };
		9B70A5882456CB4500C7A1CC /* ContentView.xib */ = {isa = PBXFileReference; fileEncoding = 4; lastKnownFileType = file.xib; path = ContentView.xib; sourceTree = "<group>"; };
		9B70A5892456CB4500C7A1CC /* ContentView.h */ = {isa = PBXFileReference; fileEncoding = 4; lastKnownFileType = sourcecode.c.h; path = ContentView.h; sourceTree = "<group>"; };
		9B70A58C2456CB5100C7A1CC /* Header.h */ = {isa = PBXFileReference; fileEncoding = 4; lastKnownFileType = sourcecode.c.h; path = Header.h; sourceTree = "<group>"; };
		9B70A5902456CF1B00C7A1CC /* BaseViewController.m */ = {isa = PBXFileReference; fileEncoding = 4; lastKnownFileType = sourcecode.c.objc; path = BaseViewController.m; sourceTree = "<group>"; };
		9B70A5912456CF1B00C7A1CC /* BaseViewController.h */ = {isa = PBXFileReference; fileEncoding = 4; lastKnownFileType = sourcecode.c.h; path = BaseViewController.h; sourceTree = "<group>"; };
		9B70A5932456D8BC00C7A1CC /* YDPersonalViewController.h */ = {isa = PBXFileReference; lastKnownFileType = sourcecode.c.h; path = YDPersonalViewController.h; sourceTree = "<group>"; };
		9B70A5942456D8BC00C7A1CC /* YDPersonalViewController.m */ = {isa = PBXFileReference; lastKnownFileType = sourcecode.c.objc; path = YDPersonalViewController.m; sourceTree = "<group>"; };
		9B70A5952456D8BC00C7A1CC /* YDPersonalViewController.xib */ = {isa = PBXFileReference; lastKnownFileType = file.xib; path = YDPersonalViewController.xib; sourceTree = "<group>"; };
		9BE73824248790D30083F49B /* 夏天的风.mp3 */ = {isa = PBXFileReference; lastKnownFileType = audio.mp3; path = "夏天的风.mp3"; sourceTree = "<group>"; };
		9FF1E61CEC3016A3D5525DCB /* Pods-小可爱❤️.release.xcconfig */ = {isa = PBXFileReference; includeInIndex = 1; lastKnownFileType = text.xcconfig; name = "Pods-小可爱❤️.release.xcconfig"; path = "Pods/Target Support Files/Pods-小可爱❤️/Pods-小可爱❤️.release.xcconfig"; sourceTree = "<group>"; };
		D0E2F96C40CD9A79FF3A9C2D /* Pods-小可爱❤️UITests.release.xcconfig */ = {isa = PBXFileReference; includeInIndex = 1; lastKnownFileType = text.xcconfig; name = "Pods-小可爱❤️UITests.release.xcconfig"; path = "Pods/Target Support Files/Pods-小可爱❤️UITests/Pods-小可爱❤️UITests.release.xcconfig"; sourceTree = "<group>"; };
		DBAF7AD0E44A3D975D64AB0B /* Pods-小可爱❤️.debug.xcconfig */ = {isa = PBXFileReference; includeInIndex = 1; lastKnownFileType = text.xcconfig; name = "Pods-小可爱❤️.debug.xcconfig"; path = "Pods/Target Support Files/Pods-小可爱❤️/Pods-小可爱❤️.debug.xcconfig"; sourceTree = "<group>"; };
		FA0E2E3AA824755A94AC0133 /* libPods-小可爱❤️.a */ = {isa = PBXFileReference; explicitFileType = archive.ar; includeInIndex = 0; path = "libPods-小可爱❤️.a"; sourceTree = BUILT_PRODUCTS_DIR; };
		FE98268D4709200238CF52CF /* libPods-小可爱❤️UITests.a */ = {isa = PBXFileReference; explicitFileType = archive.ar; includeInIndex = 0; path = "libPods-小可爱❤️UITests.a"; sourceTree = BUILT_PRODUCTS_DIR; };
/* End PBXFileReference section */

/* Begin PBXFrameworksBuildPhase section */
		9B70A53B2456C74A00C7A1CC /* Frameworks */ = {
			isa = PBXFrameworksBuildPhase;
			buildActionMask = 2147483647;
			files = (
				47A394DDFB24B7E6D8D92369 /* libPods-小可爱❤️.a in Frameworks */,
			);
			runOnlyForDeploymentPostprocessing = 0;
		};
		9B70A5562456C74C00C7A1CC /* Frameworks */ = {
			isa = PBXFrameworksBuildPhase;
			buildActionMask = 2147483647;
			files = (
				68EFC15D0537020AC4BD18B2 /* libPods-小可爱❤️Tests.a in Frameworks */,
			);
			runOnlyForDeploymentPostprocessing = 0;
		};
		9B70A5612456C74C00C7A1CC /* Frameworks */ = {
			isa = PBXFrameworksBuildPhase;
			buildActionMask = 2147483647;
			files = (
				50C40029A90A0F23AE1B3673 /* libPods-小可爱❤️UITests.a in Frameworks */,
			);
			runOnlyForDeploymentPostprocessing = 0;
		};
/* End PBXFrameworksBuildPhase section */

/* Begin PBXGroup section */
		32621BE92B01C4A00FAED184 /* Frameworks */ = {
			isa = PBXGroup;
			children = (
				FA0E2E3AA824755A94AC0133 /* libPods-小可爱❤️.a */,
				668DB3258C5948A12C3D1760 /* libPods-小可爱❤️Tests.a */,
				FE98268D4709200238CF52CF /* libPods-小可爱❤️UITests.a */,
			);
			name = Frameworks;
			sourceTree = "<group>";
		};
		9B70A5352456C74A00C7A1CC = {
			isa = PBXGroup;
			children = (
				9B70A5402456C74A00C7A1CC /* 小可爱❤️ */,
				9B70A55C2456C74C00C7A1CC /* 小可爱❤️Tests */,
				9B70A5672456C74C00C7A1CC /* 小可爱❤️UITests */,
				9B70A53F2456C74A00C7A1CC /* Products */,
				B1B35316A1CD94E582660D20 /* Pods */,
				32621BE92B01C4A00FAED184 /* Frameworks */,
			);
			sourceTree = "<group>";
		};
		9B70A53F2456C74A00C7A1CC /* Products */ = {
			isa = PBXGroup;
			children = (
				9B70A53E2456C74A00C7A1CC /* 冲冲冲.app */,
				9B70A5592456C74C00C7A1CC /* 小可爱❤️Tests.xctest */,
				9B70A5642456C74C00C7A1CC /* 小可爱❤️UITests.xctest */,
			);
			name = Products;
			sourceTree = "<group>";
		};
		9B70A5402456C74A00C7A1CC /* 小可爱❤️ */ = {
			isa = PBXGroup;
			children = (
				9B70A5412456C74A00C7A1CC /* AppDelegate.h */,
				9B70A5422456C74A00C7A1CC /* AppDelegate.m */,
				9B70A5442456C74A00C7A1CC /* SceneDelegate.h */,
				9B70A5452456C74A00C7A1CC /* SceneDelegate.m */,
				9B70A5472456C74A00C7A1CC /* ViewController.h */,
				9B70A5482456C74A00C7A1CC /* ViewController.m */,
				9BE73824248790D30083F49B /* 夏天的风.mp3 */,
				9B70A58D2456CC8500C7A1CC /* ViewController */,
				9B70A58E2456CC9200C7A1CC /* VIew */,
				9B70A58F2456CC9B00C7A1CC /* Other */,
				9B70A54A2456C74A00C7A1CC /* Main.storyboard */,
				9B70A5792456CAD300C7A1CC /* 樱花 */,
				9B70A54D2456C74C00C7A1CC /* Assets.xcassets */,
				9B70A54F2456C74C00C7A1CC /* LaunchScreen.storyboard */,
				9B70A5522456C74C00C7A1CC /* Info.plist */,
				9B70A5532456C74C00C7A1CC /* main.m */,
			);
			path = "小可爱❤️";
			sourceTree = "<group>";
		};
		9B70A55C2456C74C00C7A1CC /* 小可爱❤️Tests */ = {
			isa = PBXGroup;
			children = (
				9B70A55D2456C74C00C7A1CC /* ____Tests.m */,
				9B70A55F2456C74C00C7A1CC /* Info.plist */,
			);
			path = "小可爱❤️Tests";
			sourceTree = "<group>";
		};
		9B70A5672456C74C00C7A1CC /* 小可爱❤️UITests */ = {
			isa = PBXGroup;
			children = (
				9B70A5682456C74C00C7A1CC /* ____UITests.m */,
				9B70A56A2456C74C00C7A1CC /* Info.plist */,
			);
			path = "小可爱❤️UITests";
			sourceTree = "<group>";
		};
		9B70A5792456CAD300C7A1CC /* 樱花 */ = {
			isa = PBXGroup;
			children = (
				9B70A57A2456CAD300C7A1CC /* 樱花瓣2.png */,
				9B70A57B2456CAD300C7A1CC /* 樱花瓣1.png */,
				9B70A57C2456CAD300C7A1CC /* 樱花树1.png */,
				9B70A57D2456CAD300C7A1CC /* 樱花树3.png */,
				9B70A57E2456CAD300C7A1CC /* 樱花树2.png */,
			);
			path = "樱花";
			sourceTree = "<group>";
		};
		9B70A58D2456CC8500C7A1CC /* ViewController */ = {
			isa = PBXGroup;
			children = (
				9B70A5842456CB0600C7A1CC /* YDMainViewController.h */,
				9B70A5852456CB0600C7A1CC /* YDMainViewController.m */,
				9B70A5932456D8BC00C7A1CC /* YDPersonalViewController.h */,
				9B70A5942456D8BC00C7A1CC /* YDPersonalViewController.m */,
				9B70A5952456D8BC00C7A1CC /* YDPersonalViewController.xib */,
				36F4882D2459D19F000F5897 /* YDgetupViewController.h */,
				36F4882E2459D19F000F5897 /* YDgetupViewController.m */,
				36F4882F2459D19F000F5897 /* YDgetupViewController.xib */,
				9B49F88D245FF4800043A234 /* YDWebViewViewController.h */,
				9B49F88E245FF4800043A234 /* YDWebViewViewController.m */,
			);
			path = ViewController;
			sourceTree = "<group>";
		};
		9B70A58E2456CC9200C7A1CC /* VIew */ = {
			isa = PBXGroup;
			children = (
				9B70A5892456CB4500C7A1CC /* ContentView.h */,
				9B70A5872456CB4500C7A1CC /* ContentView.m */,
				9B70A5882456CB4500C7A1CC /* ContentView.xib */,
				9B49F885245FBEC40043A234 /* webViewSlidView.h */,
				9B49F886245FBEC40043A234 /* webViewSlidView.m */,
				9B49F888245FBED40043A234 /* webViewSlidView.xib */,
			);
			path = VIew;
			sourceTree = "<group>";
		};
		9B70A58F2456CC9B00C7A1CC /* Other */ = {
			isa = PBXGroup;
			children = (
				9B70A5762456C92400C7A1CC /* YDTabBarViewController.h */,
				9B70A5772456C92400C7A1CC /* YDTabBarViewController.m */,
				9B70A5912456CF1B00C7A1CC /* BaseViewController.h */,
				9B70A5902456CF1B00C7A1CC /* BaseViewController.m */,
				9B70A58C2456CB5100C7A1CC /* Header.h */,
				9B49F882245FBB110043A234 /* UIView+Events.h */,
				9B49F883245FBB110043A234 /* UIView+Events.m */,
			);
			path = Other;
			sourceTree = "<group>";
		};
		B1B35316A1CD94E582660D20 /* Pods */ = {
			isa = PBXGroup;
			children = (
				DBAF7AD0E44A3D975D64AB0B /* Pods-小可爱❤️.debug.xcconfig */,
				9FF1E61CEC3016A3D5525DCB /* Pods-小可爱❤️.release.xcconfig */,
				031B8460A91D2B0E50D2510F /* Pods-小可爱❤️Tests.debug.xcconfig */,
				297672CB6F1C3A23BC431621 /* Pods-小可爱❤️Tests.release.xcconfig */,
				40AF808245F94161C80AEADC /* Pods-小可爱❤️UITests.debug.xcconfig */,
				D0E2F96C40CD9A79FF3A9C2D /* Pods-小可爱❤️UITests.release.xcconfig */,
			);
			name = Pods;
			sourceTree = "<group>";
		};
/* End PBXGroup section */

/* Begin PBXNativeTarget section */
		9B70A53D2456C74A00C7A1CC /* 小可爱❤️ */ = {
			isa = PBXNativeTarget;
			buildConfigurationList = 9B70A56D2456C74C00C7A1CC /* Build configuration list for PBXNativeTarget "小可爱❤️" */;
			buildPhases = (
				3570E5CBF139EB9BE937999E /* [CP] Check Pods Manifest.lock */,
				9B70A53A2456C74A00C7A1CC /* Sources */,
				9B70A53B2456C74A00C7A1CC /* Frameworks */,
				9B70A53C2456C74A00C7A1CC /* Resources */,
			);
			buildRules = (
			);
			dependencies = (
			);
			name = "小可爱❤️";
			productName = "小可爱❤️";
			productReference = 9B70A53E2456C74A00C7A1CC /* 冲冲冲.app */;
			productType = "com.apple.product-type.application";
		};
		9B70A5582456C74C00C7A1CC /* 小可爱❤️Tests */ = {
			isa = PBXNativeTarget;
			buildConfigurationList = 9B70A5702456C74C00C7A1CC /* Build configuration list for PBXNativeTarget "小可爱❤️Tests" */;
			buildPhases = (
				502C109A328E918D6274285D /* [CP] Check Pods Manifest.lock */,
				9B70A5552456C74C00C7A1CC /* Sources */,
				9B70A5562456C74C00C7A1CC /* Frameworks */,
				9B70A5572456C74C00C7A1CC /* Resources */,
			);
			buildRules = (
			);
			dependencies = (
				9B70A55B2456C74C00C7A1CC /* PBXTargetDependency */,
			);
			name = "小可爱❤️Tests";
			productName = "小可爱❤️Tests";
			productReference = 9B70A5592456C74C00C7A1CC /* 小可爱❤️Tests.xctest */;
			productType = "com.apple.product-type.bundle.unit-test";
		};
		9B70A5632456C74C00C7A1CC /* 小可爱❤️UITests */ = {
			isa = PBXNativeTarget;
			buildConfigurationList = 9B70A5732456C74C00C7A1CC /* Build configuration list for PBXNativeTarget "小可爱❤️UITests" */;
			buildPhases = (
				E0C69F636B014E6EB49C52CA /* [CP] Check Pods Manifest.lock */,
				9B70A5602456C74C00C7A1CC /* Sources */,
				9B70A5612456C74C00C7A1CC /* Frameworks */,
				9B70A5622456C74C00C7A1CC /* Resources */,
			);
			buildRules = (
			);
			dependencies = (
				9B70A5662456C74C00C7A1CC /* PBXTargetDependency */,
			);
			name = "小可爱❤️UITests";
			productName = "小可爱❤️UITests";
			productReference = 9B70A5642456C74C00C7A1CC /* 小可爱❤️UITests.xctest */;
			productType = "com.apple.product-type.bundle.ui-testing";
		};
/* End PBXNativeTarget section */

/* Begin PBXProject section */
		9B70A5362456C74A00C7A1CC /* Project object */ = {
			isa = PBXProject;
			attributes = {
				LastUpgradeCheck = 1140;
				ORGANIZATIONNAME = Farben;
				TargetAttributes = {
					9B70A53D2456C74A00C7A1CC = {
						CreatedOnToolsVersion = 11.4;
					};
					9B70A5582456C74C00C7A1CC = {
						CreatedOnToolsVersion = 11.4;
						TestTargetID = 9B70A53D2456C74A00C7A1CC;
					};
					9B70A5632456C74C00C7A1CC = {
						CreatedOnToolsVersion = 11.4;
						TestTargetID = 9B70A53D2456C74A00C7A1CC;
					};
				};
			};
			buildConfigurationList = 9B70A5392456C74A00C7A1CC /* Build configuration list for PBXProject "小可爱❤️" */;
			compatibilityVersion = "Xcode 9.3";
			developmentRegion = en;
			hasScannedForEncodings = 0;
			knownRegions = (
				en,
				Base,
			);
			mainGroup = 9B70A5352456C74A00C7A1CC;
			productRefGroup = 9B70A53F2456C74A00C7A1CC /* Products */;
			projectDirPath = "";
			projectRoot = "";
			targets = (
				9B70A53D2456C74A00C7A1CC /* 小可爱❤️ */,
				9B70A5582456C74C00C7A1CC /* 小可爱❤️Tests */,
				9B70A5632456C74C00C7A1CC /* 小可爱❤️UITests */,
			);
		};
/* End PBXProject section */

/* Begin PBXResourcesBuildPhase section */
		9B70A53C2456C74A00C7A1CC /* Resources */ = {
			isa = PBXResourcesBuildPhase;
			buildActionMask = 2147483647;
			files = (
				9B70A5832456CAD300C7A1CC /* 樱花树2.png in Resources */,
				9BE73825248790D30083F49B /* 夏天的风.mp3 in Resources */,
				9B70A5512456C74C00C7A1CC /* LaunchScreen.storyboard in Resources */,
				9B70A54E2456C74C00C7A1CC /* Assets.xcassets in Resources */,
				36F488312459D19F000F5897 /* YDgetupViewController.xib in Resources */,
				9B70A5972456D8BC00C7A1CC /* YDPersonalViewController.xib in Resources */,
				9B70A57F2456CAD300C7A1CC /* 樱花瓣2.png in Resources */,
				9B70A5812456CAD300C7A1CC /* 樱花树1.png in Resources */,
				9B70A54C2456C74A00C7A1CC /* Main.storyboard in Resources */,
				9B49F889245FBED40043A234 /* webViewSlidView.xib in Resources */,
				9B70A5802456CAD300C7A1CC /* 樱花瓣1.png in Resources */,
				9B70A58B2456CB4600C7A1CC /* ContentView.xib in Resources */,
				9B70A5822456CAD300C7A1CC /* 樱花树3.png in Resources */,
			);
			runOnlyForDeploymentPostprocessing = 0;
		};
		9B70A5572456C74C00C7A1CC /* Resources */ = {
			isa = PBXResourcesBuildPhase;
			buildActionMask = 2147483647;
			files = (
			);
			runOnlyForDeploymentPostprocessing = 0;
		};
		9B70A5622456C74C00C7A1CC /* Resources */ = {
			isa = PBXResourcesBuildPhase;
			buildActionMask = 2147483647;
			files = (
			);
			runOnlyForDeploymentPostprocessing = 0;
		};
/* End PBXResourcesBuildPhase section */

/* Begin PBXShellScriptBuildPhase section */
		3570E5CBF139EB9BE937999E /* [CP] Check Pods Manifest.lock */ = {
			isa = PBXShellScriptBuildPhase;
			buildActionMask = 2147483647;
			files = (
			);
			inputPaths = (
				"${PODS_PODFILE_DIR_PATH}/Podfile.lock",
				"${PODS_ROOT}/Manifest.lock",
			);
			name = "[CP] Check Pods Manifest.lock";
			outputPaths = (
				"$(DERIVED_FILE_DIR)/Pods-小可爱❤️-checkManifestLockResult.txt",
			);
			runOnlyForDeploymentPostprocessing = 0;
			shellPath = /bin/sh;
			shellScript = "diff \"${PODS_PODFILE_DIR_PATH}/Podfile.lock\" \"${PODS_ROOT}/Manifest.lock\" > /dev/null\nif [ $? != 0 ] ; then\n    # print error to STDERR\n    echo \"error: The sandbox is not in sync with the Podfile.lock. Run 'pod install' or update your CocoaPods installation.\" >&2\n    exit 1\nfi\n# This output is used by Xcode 'outputs' to avoid re-running this script phase.\necho \"SUCCESS\" > \"${SCRIPT_OUTPUT_FILE_0}\"\n";
			showEnvVarsInLog = 0;
		};
		502C109A328E918D6274285D /* [CP] Check Pods Manifest.lock */ = {
			isa = PBXShellScriptBuildPhase;
			buildActionMask = 2147483647;
			files = (
			);
			inputPaths = (
				"${PODS_PODFILE_DIR_PATH}/Podfile.lock",
				"${PODS_ROOT}/Manifest.lock",
			);
			name = "[CP] Check Pods Manifest.lock";
			outputPaths = (
				"$(DERIVED_FILE_DIR)/Pods-小可爱❤️Tests-checkManifestLockResult.txt",
			);
			runOnlyForDeploymentPostprocessing = 0;
			shellPath = /bin/sh;
			shellScript = "diff \"${PODS_PODFILE_DIR_PATH}/Podfile.lock\" \"${PODS_ROOT}/Manifest.lock\" > /dev/null\nif [ $? != 0 ] ; then\n    # print error to STDERR\n    echo \"error: The sandbox is not in sync with the Podfile.lock. Run 'pod install' or update your CocoaPods installation.\" >&2\n    exit 1\nfi\n# This output is used by Xcode 'outputs' to avoid re-running this script phase.\necho \"SUCCESS\" > \"${SCRIPT_OUTPUT_FILE_0}\"\n";
			showEnvVarsInLog = 0;
		};
		E0C69F636B014E6EB49C52CA /* [CP] Check Pods Manifest.lock */ = {
			isa = PBXShellScriptBuildPhase;
			buildActionMask = 2147483647;
			files = (
			);
			inputPaths = (
				"${PODS_PODFILE_DIR_PATH}/Podfile.lock",
				"${PODS_ROOT}/Manifest.lock",
			);
			name = "[CP] Check Pods Manifest.lock";
			outputPaths = (
				"$(DERIVED_FILE_DIR)/Pods-小可爱❤️UITests-checkManifestLockResult.txt",
			);
			runOnlyForDeploymentPostprocessing = 0;
			shellPath = /bin/sh;
			shellScript = "diff \"${PODS_PODFILE_DIR_PATH}/Podfile.lock\" \"${PODS_ROOT}/Manifest.lock\" > /dev/null\nif [ $? != 0 ] ; then\n    # print error to STDERR\n    echo \"error: The sandbox is not in sync with the Podfile.lock. Run 'pod install' or update your CocoaPods installation.\" >&2\n    exit 1\nfi\n# This output is used by Xcode 'outputs' to avoid re-running this script phase.\necho \"SUCCESS\" > \"${SCRIPT_OUTPUT_FILE_0}\"\n";
			showEnvVarsInLog = 0;
		};
/* End PBXShellScriptBuildPhase section */

/* Begin PBXSourcesBuildPhase section */
		9B70A53A2456C74A00C7A1CC /* Sources */ = {
			isa = PBXSourcesBuildPhase;
			buildActionMask = 2147483647;
			files = (
				9B70A58A2456CB4600C7A1CC /* ContentView.m in Sources */,
				9B70A5922456CF1C00C7A1CC /* BaseViewController.m in Sources */,
				9B49F88F245FF4800043A234 /* YDWebViewViewController.m in Sources */,
				9B70A5862456CB0600C7A1CC /* YDMainViewController.m in Sources */,
				9B49F884245FBB110043A234 /* UIView+Events.m in Sources */,
				9B70A5782456C92400C7A1CC /* YDTabBarViewController.m in Sources */,
				9B70A5492456C74A00C7A1CC /* ViewController.m in Sources */,
				9B70A5962456D8BC00C7A1CC /* YDPersonalViewController.m in Sources */,
				9B70A5432456C74A00C7A1CC /* AppDelegate.m in Sources */,
				9B70A5542456C74C00C7A1CC /* main.m in Sources */,
				9B70A5462456C74A00C7A1CC /* SceneDelegate.m in Sources */,
				9B49F887245FBEC40043A234 /* webViewSlidView.m in Sources */,
				36F488302459D19F000F5897 /* YDgetupViewController.m in Sources */,
			);
			runOnlyForDeploymentPostprocessing = 0;
		};
		9B70A5552456C74C00C7A1CC /* Sources */ = {
			isa = PBXSourcesBuildPhase;
			buildActionMask = 2147483647;
			files = (
				9B70A55E2456C74C00C7A1CC /* ____Tests.m in Sources */,
			);
			runOnlyForDeploymentPostprocessing = 0;
		};
		9B70A5602456C74C00C7A1CC /* Sources */ = {
			isa = PBXSourcesBuildPhase;
			buildActionMask = 2147483647;
			files = (
				9B70A5692456C74C00C7A1CC /* ____UITests.m in Sources */,
			);
			runOnlyForDeploymentPostprocessing = 0;
		};
/* End PBXSourcesBuildPhase section */

/* Begin PBXTargetDependency section */
		9B70A55B2456C74C00C7A1CC /* PBXTargetDependency */ = {
			isa = PBXTargetDependency;
			target = 9B70A53D2456C74A00C7A1CC /* 小可爱❤️ */;
			targetProxy = 9B70A55A2456C74C00C7A1CC /* PBXContainerItemProxy */;
		};
		9B70A5662456C74C00C7A1CC /* PBXTargetDependency */ = {
			isa = PBXTargetDependency;
			target = 9B70A53D2456C74A00C7A1CC /* 小可爱❤️ */;
			targetProxy = 9B70A5652456C74C00C7A1CC /* PBXContainerItemProxy */;
		};
/* End PBXTargetDependency section */

/* Begin PBXVariantGroup section */
		9B70A54A2456C74A00C7A1CC /* Main.storyboard */ = {
			isa = PBXVariantGroup;
			children = (
				9B70A54B2456C74A00C7A1CC /* Base */,
			);
			name = Main.storyboard;
			sourceTree = "<group>";
		};
		9B70A54F2456C74C00C7A1CC /* LaunchScreen.storyboard */ = {
			isa = PBXVariantGroup;
			children = (
				9B70A5502456C74C00C7A1CC /* Base */,
			);
			name = LaunchScreen.storyboard;
			sourceTree = "<group>";
		};
/* End PBXVariantGroup section */

/* Begin XCBuildConfiguration section */
		9B70A56B2456C74C00C7A1CC /* Debug */ = {
			isa = XCBuildConfiguration;
			buildSettings = {
				ALWAYS_SEARCH_USER_PATHS = NO;
				CLANG_ANALYZER_NONNULL = YES;
				CLANG_ANALYZER_NUMBER_OBJECT_CONVERSION = YES_AGGRESSIVE;
				CLANG_CXX_LANGUAGE_STANDARD = "gnu++14";
				CLANG_CXX_LIBRARY = "libc++";
				CLANG_ENABLE_MODULES = YES;
				CLANG_ENABLE_OBJC_ARC = YES;
				CLANG_ENABLE_OBJC_WEAK = YES;
				CLANG_WARN_BLOCK_CAPTURE_AUTORELEASING = YES;
				CLANG_WARN_BOOL_CONVERSION = YES;
				CLANG_WARN_COMMA = YES;
				CLANG_WARN_CONSTANT_CONVERSION = YES;
				CLANG_WARN_DEPRECATED_OBJC_IMPLEMENTATIONS = YES;
				CLANG_WARN_DIRECT_OBJC_ISA_USAGE = YES_ERROR;
				CLANG_WARN_DOCUMENTATION_COMMENTS = YES;
				CLANG_WARN_EMPTY_BODY = YES;
				CLANG_WARN_ENUM_CONVERSION = YES;
				CLANG_WARN_INFINITE_RECURSION = YES;
				CLANG_WARN_INT_CONVERSION = YES;
				CLANG_WARN_NON_LITERAL_NULL_CONVERSION = YES;
				CLANG_WARN_OBJC_IMPLICIT_RETAIN_SELF = YES;
				CLANG_WARN_OBJC_LITERAL_CONVERSION = YES;
				CLANG_WARN_OBJC_ROOT_CLASS = YES_ERROR;
				CLANG_WARN_RANGE_LOOP_ANALYSIS = YES;
				CLANG_WARN_STRICT_PROTOTYPES = YES;
				CLANG_WARN_SUSPICIOUS_MOVE = YES;
				CLANG_WARN_UNGUARDED_AVAILABILITY = YES_AGGRESSIVE;
				CLANG_WARN_UNREACHABLE_CODE = YES;
				CLANG_WARN__DUPLICATE_METHOD_MATCH = YES;
				COPY_PHASE_STRIP = NO;
				DEBUG_INFORMATION_FORMAT = dwarf;
				ENABLE_STRICT_OBJC_MSGSEND = YES;
				ENABLE_TESTABILITY = YES;
				GCC_C_LANGUAGE_STANDARD = gnu11;
				GCC_DYNAMIC_NO_PIC = NO;
				GCC_NO_COMMON_BLOCKS = YES;
				GCC_OPTIMIZATION_LEVEL = 0;
				GCC_PREPROCESSOR_DEFINITIONS = (
					"DEBUG=1",
					"$(inherited)",
				);
				GCC_WARN_64_TO_32_BIT_CONVERSION = YES;
				GCC_WARN_ABOUT_RETURN_TYPE = YES_ERROR;
				GCC_WARN_UNDECLARED_SELECTOR = YES;
				GCC_WARN_UNINITIALIZED_AUTOS = YES_AGGRESSIVE;
				GCC_WARN_UNUSED_FUNCTION = YES;
				GCC_WARN_UNUSED_VARIABLE = YES;
				IPHONEOS_DEPLOYMENT_TARGET = 11.0;
				MTL_ENABLE_DEBUG_INFO = INCLUDE_SOURCE;
				MTL_FAST_MATH = YES;
				ONLY_ACTIVE_ARCH = YES;
				SDKROOT = iphoneos;
			};
			name = Debug;
		};
		9B70A56C2456C74C00C7A1CC /* Release */ = {
			isa = XCBuildConfiguration;
			buildSettings = {
				ALWAYS_SEARCH_USER_PATHS = NO;
				CLANG_ANALYZER_NONNULL = YES;
				CLANG_ANALYZER_NUMBER_OBJECT_CONVERSION = YES_AGGRESSIVE;
				CLANG_CXX_LANGUAGE_STANDARD = "gnu++14";
				CLANG_CXX_LIBRARY = "libc++";
				CLANG_ENABLE_MODULES = YES;
				CLANG_ENABLE_OBJC_ARC = YES;
				CLANG_ENABLE_OBJC_WEAK = YES;
				CLANG_WARN_BLOCK_CAPTURE_AUTORELEASING = YES;
				CLANG_WARN_BOOL_CONVERSION = YES;
				CLANG_WARN_COMMA = YES;
				CLANG_WARN_CONSTANT_CONVERSION = YES;
				CLANG_WARN_DEPRECATED_OBJC_IMPLEMENTATIONS = YES;
				CLANG_WARN_DIRECT_OBJC_ISA_USAGE = YES_ERROR;
				CLANG_WARN_DOCUMENTATION_COMMENTS = YES;
				CLANG_WARN_EMPTY_BODY = YES;
				CLANG_WARN_ENUM_CONVERSION = YES;
				CLANG_WARN_INFINITE_RECURSION = YES;
				CLANG_WARN_INT_CONVERSION = YES;
				CLANG_WARN_NON_LITERAL_NULL_CONVERSION = YES;
				CLANG_WARN_OBJC_IMPLICIT_RETAIN_SELF = YES;
				CLANG_WARN_OBJC_LITERAL_CONVERSION = YES;
				CLANG_WARN_OBJC_ROOT_CLASS = YES_ERROR;
				CLANG_WARN_RANGE_LOOP_ANALYSIS = YES;
				CLANG_WARN_STRICT_PROTOTYPES = YES;
				CLANG_WARN_SUSPICIOUS_MOVE = YES;
				CLANG_WARN_UNGUARDED_AVAILABILITY = YES_AGGRESSIVE;
				CLANG_WARN_UNREACHABLE_CODE = YES;
				CLANG_WARN__DUPLICATE_METHOD_MATCH = YES;
				COPY_PHASE_STRIP = NO;
				DEBUG_INFORMATION_FORMAT = "dwarf-with-dsym";
				ENABLE_NS_ASSERTIONS = NO;
				ENABLE_STRICT_OBJC_MSGSEND = YES;
				GCC_C_LANGUAGE_STANDARD = gnu11;
				GCC_NO_COMMON_BLOCKS = YES;
				GCC_WARN_64_TO_32_BIT_CONVERSION = YES;
				GCC_WARN_ABOUT_RETURN_TYPE = YES_ERROR;
				GCC_WARN_UNDECLARED_SELECTOR = YES;
				GCC_WARN_UNINITIALIZED_AUTOS = YES_AGGRESSIVE;
				GCC_WARN_UNUSED_FUNCTION = YES;
				GCC_WARN_UNUSED_VARIABLE = YES;
				IPHONEOS_DEPLOYMENT_TARGET = 11.0;
				MTL_ENABLE_DEBUG_INFO = NO;
				MTL_FAST_MATH = YES;
				SDKROOT = iphoneos;
				VALIDATE_PRODUCT = YES;
			};
			name = Release;
		};
		9B70A56E2456C74C00C7A1CC /* Debug */ = {
			isa = XCBuildConfiguration;
			baseConfigurationReference = DBAF7AD0E44A3D975D64AB0B /* Pods-小可爱❤️.debug.xcconfig */;
			buildSettings = {
				ASSETCATALOG_COMPILER_APPICON_NAME = AppIcon;
				CODE_SIGN_STYLE = Automatic;
				DEVELOPMENT_TEAM = 5YR3RP559Y;
				INFOPLIST_FILE = "小可爱❤️/Info.plist";
				LD_RUNPATH_SEARCH_PATHS = (
					"$(inherited)",
					"@executable_path/Frameworks",
				);
				PRODUCT_BUNDLE_IDENTIFIER = jyy;
				PRODUCT_NAME = "冲冲冲";
				TARGETED_DEVICE_FAMILY = "1,2";
			};
			name = Debug;
		};
		9B70A56F2456C74C00C7A1CC /* Release */ = {
			isa = XCBuildConfiguration;
			baseConfigurationReference = 9FF1E61CEC3016A3D5525DCB /* Pods-小可爱❤️.release.xcconfig */;
			buildSettings = {
				ASSETCATALOG_COMPILER_APPICON_NAME = AppIcon;
				CODE_SIGN_STYLE = Automatic;
				DEVELOPMENT_TEAM = 5YR3RP559Y;
				INFOPLIST_FILE = "小可爱❤️/Info.plist";
				LD_RUNPATH_SEARCH_PATHS = (
					"$(inherited)",
					"@executable_path/Frameworks",
				);
				PRODUCT_BUNDLE_IDENTIFIER = jyy;
				PRODUCT_NAME = "冲冲冲";
				TARGETED_DEVICE_FAMILY = "1,2";
			};
			name = Release;
		};
		9B70A5712456C74C00C7A1CC /* Debug */ = {
			isa = XCBuildConfiguration;
			baseConfigurationReference = 031B8460A91D2B0E50D2510F /* Pods-小可爱❤️Tests.debug.xcconfig */;
			buildSettings = {
				BUNDLE_LOADER = "$(TEST_HOST)";
				CODE_SIGN_STYLE = Automatic;
				DEVELOPMENT_TEAM = 5YR3RP559Y;
				INFOPLIST_FILE = "小可爱❤️Tests/Info.plist";
				IPHONEOS_DEPLOYMENT_TARGET = 13.4;
				LD_RUNPATH_SEARCH_PATHS = (
					"$(inherited)",
					"@executable_path/Frameworks",
					"@loader_path/Frameworks",
				);
				PRODUCT_BUNDLE_IDENTIFIER = "zzh.----Tests";
				PRODUCT_NAME = "$(TARGET_NAME)";
				TARGETED_DEVICE_FAMILY = "1,2";
				TEST_HOST = "$(BUILT_PRODUCTS_DIR)/小可爱❤️.app/小可爱❤️";
			};
			name = Debug;
		};
		9B70A5722456C74C00C7A1CC /* Release */ = {
			isa = XCBuildConfiguration;
			baseConfigurationReference = 297672CB6F1C3A23BC431621 /* Pods-小可爱❤️Tests.release.xcconfig */;
			buildSettings = {
				BUNDLE_LOADER = "$(TEST_HOST)";
				CODE_SIGN_STYLE = Automatic;
				DEVELOPMENT_TEAM = 5YR3RP559Y;
				INFOPLIST_FILE = "小可爱❤️Tests/Info.plist";
				IPHONEOS_DEPLOYMENT_TARGET = 13.4;
				LD_RUNPATH_SEARCH_PATHS = (
					"$(inherited)",
					"@executable_path/Frameworks",
					"@loader_path/Frameworks",
				);
				PRODUCT_BUNDLE_IDENTIFIER = "zzh.----Tests";
				PRODUCT_NAME = "$(TARGET_NAME)";
				TARGETED_DEVICE_FAMILY = "1,2";
				TEST_HOST = "$(BUILT_PRODUCTS_DIR)/小可爱❤️.app/小可爱❤️";
			};
			name = Release;
		};
		9B70A5742456C74C00C7A1CC /* Debug */ = {
			isa = XCBuildConfiguration;
			baseConfigurationReference = 40AF808245F94161C80AEADC /* Pods-小可爱❤️UITests.debug.xcconfig */;
			buildSettings = {
				CODE_SIGN_STYLE = Automatic;
				DEVELOPMENT_TEAM = 5YR3RP559Y;
				INFOPLIST_FILE = "小可爱❤️UITests/Info.plist";
				LD_RUNPATH_SEARCH_PATHS = (
					"$(inherited)",
					"@executable_path/Frameworks",
					"@loader_path/Frameworks",
				);
				PRODUCT_BUNDLE_IDENTIFIER = "zzh.----UITests";
				PRODUCT_NAME = "$(TARGET_NAME)";
				TARGETED_DEVICE_FAMILY = "1,2";
				TEST_TARGET_NAME = "小可爱❤️";
			};
			name = Debug;
		};
		9B70A5752456C74C00C7A1CC /* Release */ = {
			isa = XCBuildConfiguration;
			baseConfigurationReference = D0E2F96C40CD9A79FF3A9C2D /* Pods-小可爱❤️UITests.release.xcconfig */;
			buildSettings = {
				CODE_SIGN_STYLE = Automatic;
				DEVELOPMENT_TEAM = 5YR3RP559Y;
				INFOPLIST_FILE = "小可爱❤️UITests/Info.plist";
				LD_RUNPATH_SEARCH_PATHS = (
					"$(inherited)",
					"@executable_path/Frameworks",
					"@loader_path/Frameworks",
				);
				PRODUCT_BUNDLE_IDENTIFIER = "zzh.----UITests";
				PRODUCT_NAME = "$(TARGET_NAME)";
				TARGETED_DEVICE_FAMILY = "1,2";
				TEST_TARGET_NAME = "小可爱❤️";
			};
			name = Release;
		};
/* End XCBuildConfiguration section */

/* Begin XCConfigurationList section */
		9B70A5392456C74A00C7A1CC /* Build configuration list for PBXProject "小可爱❤️" */ = {
			isa = XCConfigurationList;
			buildConfigurations = (
				9B70A56B2456C74C00C7A1CC /* Debug */,
				9B70A56C2456C74C00C7A1CC /* Release */,
			);
			defaultConfigurationIsVisible = 0;
			defaultConfigurationName = Release;
		};
		9B70A56D2456C74C00C7A1CC /* Build configuration list for PBXNativeTarget "小可爱❤️" */ = {
			isa = XCConfigurationList;
			buildConfigurations = (
				9B70A56E2456C74C00C7A1CC /* Debug */,
				9B70A56F2456C74C00C7A1CC /* Release */,
			);
			defaultConfigurationIsVisible = 0;
			defaultConfigurationName = Release;
		};
		9B70A5702456C74C00C7A1CC /* Build configuration list for PBXNativeTarget "小可爱❤️Tests" */ = {
			isa = XCConfigurationList;
			buildConfigurations = (
				9B70A5712456C74C00C7A1CC /* Debug */,
				9B70A5722456C74C00C7A1CC /* Release */,
			);
			defaultConfigurationIsVisible = 0;
			defaultConfigurationName = Release;
		};
		9B70A5732456C74C00C7A1CC /* Build configuration list for PBXNativeTarget "小可爱❤️UITests" */ = {
			isa = XCConfigurationList;
			buildConfigurations = (
				9B70A5742456C74C00C7A1CC /* Debug */,
				9B70A5752456C74C00C7A1CC /* Release */,
			);
			defaultConfigurationIsVisible = 0;
			defaultConfigurationName = Release;
		};
/* End XCConfigurationList section */
	};
	rootObject = 9B70A5362456C74A00C7A1CC /* Project object */;
}
